// !$*UTF8*$!
{
	archiveVersion = 1;
	classes = {
	};
	objectVersion = 51;
	objects = {

/* Begin PBXBuildFile section */
		02291C5F64A1CB0F182CC4D2 /* Pods_FoodForeverTests.framework in Frameworks */ = {isa = PBXBuildFile; fileRef = 4719805467311348DB676C67 /* Pods_FoodForeverTests.framework */; };
		723980BAB650DBF2E06451DD /* Pods_FoodForever_FoodForeverUITests.framework in Frameworks */ = {isa = PBXBuildFile; fileRef = 4C2DEC08093C1D3FC098B231 /* Pods_FoodForever_FoodForeverUITests.framework */; };
		A2B5E68147DB7E5FECD19609 /* Pods_FoodForever.framework in Frameworks */ = {isa = PBXBuildFile; fileRef = 0257FE8016A2DED1DE081211 /* Pods_FoodForever.framework */; };
		FD1BAAF0255237A100F17770 /* AppDelegate.swift in Sources */ = {isa = PBXBuildFile; fileRef = FD1BAAEF255237A100F17770 /* AppDelegate.swift */; };
		FD1BAAF2255237A100F17770 /* SceneDelegate.swift in Sources */ = {isa = PBXBuildFile; fileRef = FD1BAAF1255237A100F17770 /* SceneDelegate.swift */; };
		FD1BAAF4255237A100F17770 /* ViewController.swift in Sources */ = {isa = PBXBuildFile; fileRef = FD1BAAF3255237A100F17770 /* ViewController.swift */; };
		FD1BAAF7255237A100F17770 /* Main.storyboard in Resources */ = {isa = PBXBuildFile; fileRef = FD1BAAF5255237A100F17770 /* Main.storyboard */; };
		FD1BAAF9255237A100F17770 /* Assets.xcassets in Resources */ = {isa = PBXBuildFile; fileRef = FD1BAAF8255237A100F17770 /* Assets.xcassets */; };
		FD1BAAFC255237A100F17770 /* LaunchScreen.storyboard in Resources */ = {isa = PBXBuildFile; fileRef = FD1BAAFA255237A100F17770 /* LaunchScreen.storyboard */; };
		FD1BAB07255237A100F17770 /* FoodForeverTests.swift in Sources */ = {isa = PBXBuildFile; fileRef = FD1BAB06255237A100F17770 /* FoodForeverTests.swift */; };
		FD1BAB12255237A100F17770 /* FoodForeverUITests.swift in Sources */ = {isa = PBXBuildFile; fileRef = FD1BAB11255237A100F17770 /* FoodForeverUITests.swift */; };
		FD6D0ED6255E3CBA00869F48 /* RestaurantsViewController.swift in Sources */ = {isa = PBXBuildFile; fileRef = FD6D0ED5255E3CBA00869F48 /* RestaurantsViewController.swift */; };
		FD6D0ED8255E3F1700869F48 /* RestaurantTableViewCell.swift in Sources */ = {isa = PBXBuildFile; fileRef = FD6D0ED7255E3F1700869F48 /* RestaurantTableViewCell.swift */; };
		FD6D0EDA255E402800869F48 /* API.swift in Sources */ = {isa = PBXBuildFile; fileRef = FD6D0ED9255E402800869F48 /* API.swift */; };
		FD6D0EDC255E494700869F48 /* Restaurant.swift in Sources */ = {isa = PBXBuildFile; fileRef = FD6D0EDB255E494700869F48 /* Restaurant.swift */; };
		FD6D0EDE255E52D400869F48 /* YelpStars.swift in Sources */ = {isa = PBXBuildFile; fileRef = FD6D0EDD255E52D400869F48 /* YelpStars.swift */; };
		FD6D0EE2255E550800869F48 /* RestaurantDetailViewController.swift in Sources */ = {isa = PBXBuildFile; fileRef = FD6D0EE1255E550800869F48 /* RestaurantDetailViewController.swift */; };
/* End PBXBuildFile section */

/* Begin PBXContainerItemProxy section */
		FD1BAB03255237A100F17770 /* PBXContainerItemProxy */ = {
			isa = PBXContainerItemProxy;
			containerPortal = FD1BAAE4255237A100F17770 /* Project object */;
			proxyType = 1;
			remoteGlobalIDString = FD1BAAEB255237A100F17770;
			remoteInfo = FoodForever;
		};
		FD1BAB0E255237A100F17770 /* PBXContainerItemProxy */ = {
			isa = PBXContainerItemProxy;
			containerPortal = FD1BAAE4255237A100F17770 /* Project object */;
			proxyType = 1;
			remoteGlobalIDString = FD1BAAEB255237A100F17770;
			remoteInfo = FoodForever;
		};
/* End PBXContainerItemProxy section */

/* Begin PBXFileReference section */
		0257FE8016A2DED1DE081211 /* Pods_FoodForever.framework */ = {isa = PBXFileReference; explicitFileType = wrapper.framework; includeInIndex = 0; path = Pods_FoodForever.framework; sourceTree = BUILT_PRODUCTS_DIR; };
		09E151887344BD5E524424F9 /* Pods-FoodForever.debug.xcconfig */ = {isa = PBXFileReference; includeInIndex = 1; lastKnownFileType = text.xcconfig; name = "Pods-FoodForever.debug.xcconfig"; path = "Target Support Files/Pods-FoodForever/Pods-FoodForever.debug.xcconfig"; sourceTree = "<group>"; };
		0B456B91A1DE26CAB12A2FB9 /* Pods-FoodForeverTests.release.xcconfig */ = {isa = PBXFileReference; includeInIndex = 1; lastKnownFileType = text.xcconfig; name = "Pods-FoodForeverTests.release.xcconfig"; path = "Target Support Files/Pods-FoodForeverTests/Pods-FoodForeverTests.release.xcconfig"; sourceTree = "<group>"; };
		3B1C5F6FCA1BABB359C4EEEE /* Pods-FoodForever-FoodForeverUITests.release.xcconfig */ = {isa = PBXFileReference; includeInIndex = 1; lastKnownFileType = text.xcconfig; name = "Pods-FoodForever-FoodForeverUITests.release.xcconfig"; path = "Target Support Files/Pods-FoodForever-FoodForeverUITests/Pods-FoodForever-FoodForeverUITests.release.xcconfig"; sourceTree = "<group>"; };
		453C88C21E08BB6EA4E09A54 /* Pods-FoodForever-FoodForeverUITests.debug.xcconfig */ = {isa = PBXFileReference; includeInIndex = 1; lastKnownFileType = text.xcconfig; name = "Pods-FoodForever-FoodForeverUITests.debug.xcconfig"; path = "Target Support Files/Pods-FoodForever-FoodForeverUITests/Pods-FoodForever-FoodForeverUITests.debug.xcconfig"; sourceTree = "<group>"; };
		4719805467311348DB676C67 /* Pods_FoodForeverTests.framework */ = {isa = PBXFileReference; explicitFileType = wrapper.framework; includeInIndex = 0; path = Pods_FoodForeverTests.framework; sourceTree = BUILT_PRODUCTS_DIR; };
		4C2DEC08093C1D3FC098B231 /* Pods_FoodForever_FoodForeverUITests.framework */ = {isa = PBXFileReference; explicitFileType = wrapper.framework; includeInIndex = 0; path = Pods_FoodForever_FoodForeverUITests.framework; sourceTree = BUILT_PRODUCTS_DIR; };
		CEEEECCCABF9CBA12E36E87B /* Pods-FoodForeverTests.debug.xcconfig */ = {isa = PBXFileReference; includeInIndex = 1; lastKnownFileType = text.xcconfig; name = "Pods-FoodForeverTests.debug.xcconfig"; path = "Target Support Files/Pods-FoodForeverTests/Pods-FoodForeverTests.debug.xcconfig"; sourceTree = "<group>"; };
		E3ABBB4EE8DAA0404DCFA8A7 /* Pods-FoodForever.release.xcconfig */ = {isa = PBXFileReference; includeInIndex = 1; lastKnownFileType = text.xcconfig; name = "Pods-FoodForever.release.xcconfig"; path = "Target Support Files/Pods-FoodForever/Pods-FoodForever.release.xcconfig"; sourceTree = "<group>"; };
		FD1BAAEC255237A100F17770 /* FoodForever.app */ = {isa = PBXFileReference; explicitFileType = wrapper.application; includeInIndex = 0; path = FoodForever.app; sourceTree = BUILT_PRODUCTS_DIR; };
		FD1BAAEF255237A100F17770 /* AppDelegate.swift */ = {isa = PBXFileReference; lastKnownFileType = sourcecode.swift; path = AppDelegate.swift; sourceTree = "<group>"; };
		FD1BAAF1255237A100F17770 /* SceneDelegate.swift */ = {isa = PBXFileReference; lastKnownFileType = sourcecode.swift; path = SceneDelegate.swift; sourceTree = "<group>"; };
		FD1BAAF3255237A100F17770 /* ViewController.swift */ = {isa = PBXFileReference; lastKnownFileType = sourcecode.swift; path = ViewController.swift; sourceTree = "<group>"; };
		FD1BAAF6255237A100F17770 /* Base */ = {isa = PBXFileReference; lastKnownFileType = file.storyboard; name = Base; path = Base.lproj/Main.storyboard; sourceTree = "<group>"; };
		FD1BAAF8255237A100F17770 /* Assets.xcassets */ = {isa = PBXFileReference; lastKnownFileType = folder.assetcatalog; path = Assets.xcassets; sourceTree = "<group>"; };
		FD1BAAFB255237A100F17770 /* Base */ = {isa = PBXFileReference; lastKnownFileType = file.storyboard; name = Base; path = Base.lproj/LaunchScreen.storyboard; sourceTree = "<group>"; };
		FD1BAAFD255237A100F17770 /* Info.plist */ = {isa = PBXFileReference; lastKnownFileType = text.plist.xml; path = Info.plist; sourceTree = "<group>"; };
		FD1BAB02255237A100F17770 /* FoodForeverTests.xctest */ = {isa = PBXFileReference; explicitFileType = wrapper.cfbundle; includeInIndex = 0; path = FoodForeverTests.xctest; sourceTree = BUILT_PRODUCTS_DIR; };
		FD1BAB06255237A100F17770 /* FoodForeverTests.swift */ = {isa = PBXFileReference; lastKnownFileType = sourcecode.swift; path = FoodForeverTests.swift; sourceTree = "<group>"; };
		FD1BAB08255237A100F17770 /* Info.plist */ = {isa = PBXFileReference; lastKnownFileType = text.plist.xml; path = Info.plist; sourceTree = "<group>"; };
		FD1BAB0D255237A100F17770 /* FoodForeverUITests.xctest */ = {isa = PBXFileReference; explicitFileType = wrapper.cfbundle; includeInIndex = 0; path = FoodForeverUITests.xctest; sourceTree = BUILT_PRODUCTS_DIR; };
		FD1BAB11255237A100F17770 /* FoodForeverUITests.swift */ = {isa = PBXFileReference; lastKnownFileType = sourcecode.swift; path = FoodForeverUITests.swift; sourceTree = "<group>"; };
		FD1BAB13255237A100F17770 /* Info.plist */ = {isa = PBXFileReference; lastKnownFileType = text.plist.xml; path = Info.plist; sourceTree = "<group>"; };
		FD6D0ED5255E3CBA00869F48 /* RestaurantsViewController.swift */ = {isa = PBXFileReference; lastKnownFileType = sourcecode.swift; path = RestaurantsViewController.swift; sourceTree = "<group>"; };
		FD6D0ED7255E3F1700869F48 /* RestaurantTableViewCell.swift */ = {isa = PBXFileReference; lastKnownFileType = sourcecode.swift; path = RestaurantTableViewCell.swift; sourceTree = "<group>"; };
		FD6D0ED9255E402800869F48 /* API.swift */ = {isa = PBXFileReference; lastKnownFileType = sourcecode.swift; path = API.swift; sourceTree = "<group>"; };
		FD6D0EDB255E494700869F48 /* Restaurant.swift */ = {isa = PBXFileReference; lastKnownFileType = sourcecode.swift; path = Restaurant.swift; sourceTree = "<group>"; };
		FD6D0EDD255E52D400869F48 /* YelpStars.swift */ = {isa = PBXFileReference; lastKnownFileType = sourcecode.swift; path = YelpStars.swift; sourceTree = "<group>"; };
		FD6D0EE1255E550800869F48 /* RestaurantDetailViewController.swift */ = {isa = PBXFileReference; lastKnownFileType = sourcecode.swift; path = RestaurantDetailViewController.swift; sourceTree = "<group>"; };
/* End PBXFileReference section */

/* Begin PBXFrameworksBuildPhase section */
		FD1BAAE9255237A100F17770 /* Frameworks */ = {
			isa = PBXFrameworksBuildPhase;
			buildActionMask = 2147483647;
			files = (
				A2B5E68147DB7E5FECD19609 /* Pods_FoodForever.framework in Frameworks */,
			);
			runOnlyForDeploymentPostprocessing = 0;
		};
		FD1BAAFF255237A100F17770 /* Frameworks */ = {
			isa = PBXFrameworksBuildPhase;
			buildActionMask = 2147483647;
			files = (
				02291C5F64A1CB0F182CC4D2 /* Pods_FoodForeverTests.framework in Frameworks */,
			);
			runOnlyForDeploymentPostprocessing = 0;
		};
		FD1BAB0A255237A100F17770 /* Frameworks */ = {
			isa = PBXFrameworksBuildPhase;
			buildActionMask = 2147483647;
			files = (
				723980BAB650DBF2E06451DD /* Pods_FoodForever_FoodForeverUITests.framework in Frameworks */,
			);
			runOnlyForDeploymentPostprocessing = 0;
		};
/* End PBXFrameworksBuildPhase section */

/* Begin PBXGroup section */
		ED81DAA57B06E019E764FB05 /* Frameworks */ = {
			isa = PBXGroup;
			children = (
				0257FE8016A2DED1DE081211 /* Pods_FoodForever.framework */,
				4C2DEC08093C1D3FC098B231 /* Pods_FoodForever_FoodForeverUITests.framework */,
				4719805467311348DB676C67 /* Pods_FoodForeverTests.framework */,
			);
			name = Frameworks;
			sourceTree = "<group>";
		};
		FAC1492BB28B6CBD20DC1061 /* Pods */ = {
			isa = PBXGroup;
			children = (
				09E151887344BD5E524424F9 /* Pods-FoodForever.debug.xcconfig */,
				E3ABBB4EE8DAA0404DCFA8A7 /* Pods-FoodForever.release.xcconfig */,
				453C88C21E08BB6EA4E09A54 /* Pods-FoodForever-FoodForeverUITests.debug.xcconfig */,
				3B1C5F6FCA1BABB359C4EEEE /* Pods-FoodForever-FoodForeverUITests.release.xcconfig */,
				CEEEECCCABF9CBA12E36E87B /* Pods-FoodForeverTests.debug.xcconfig */,
				0B456B91A1DE26CAB12A2FB9 /* Pods-FoodForeverTests.release.xcconfig */,
			);
			path = Pods;
			sourceTree = "<group>";
		};
		FD1BAAE3255237A100F17770 = {
			isa = PBXGroup;
			children = (
				FD1BAAEE255237A100F17770 /* FoodForever */,
				FD1BAB05255237A100F17770 /* FoodForeverTests */,
				FD1BAB10255237A100F17770 /* FoodForeverUITests */,
				FD1BAAED255237A100F17770 /* Products */,
				FAC1492BB28B6CBD20DC1061 /* Pods */,
				ED81DAA57B06E019E764FB05 /* Frameworks */,
			);
			sourceTree = "<group>";
		};
		FD1BAAED255237A100F17770 /* Products */ = {
			isa = PBXGroup;
			children = (
				FD1BAAEC255237A100F17770 /* FoodForever.app */,
				FD1BAB02255237A100F17770 /* FoodForeverTests.xctest */,
				FD1BAB0D255237A100F17770 /* FoodForeverUITests.xctest */,
			);
			name = Products;
			sourceTree = "<group>";
		};
		FD1BAAEE255237A100F17770 /* FoodForever */ = {
			isa = PBXGroup;
			children = (
				FD1BAAEF255237A100F17770 /* AppDelegate.swift */,
				FD1BAAF1255237A100F17770 /* SceneDelegate.swift */,
				FD1BAAF3255237A100F17770 /* ViewController.swift */,
				FD1BAAF5255237A100F17770 /* Main.storyboard */,
				FD1BAAF8255237A100F17770 /* Assets.xcassets */,
				FD1BAAFA255237A100F17770 /* LaunchScreen.storyboard */,
				FD1BAAFD255237A100F17770 /* Info.plist */,
				FD6D0ED5255E3CBA00869F48 /* RestaurantsViewController.swift */,
				FD6D0ED7255E3F1700869F48 /* RestaurantTableViewCell.swift */,
				FD6D0ED9255E402800869F48 /* API.swift */,
				FD6D0EDB255E494700869F48 /* Restaurant.swift */,
				FD6D0EDD255E52D400869F48 /* YelpStars.swift */,
				FD6D0EE1255E550800869F48 /* RestaurantDetailViewController.swift */,
			);
			path = FoodForever;
			sourceTree = "<group>";
		};
		FD1BAB05255237A100F17770 /* FoodForeverTests */ = {
			isa = PBXGroup;
			children = (
				FD1BAB06255237A100F17770 /* FoodForeverTests.swift */,
				FD1BAB08255237A100F17770 /* Info.plist */,
			);
			path = FoodForeverTests;
			sourceTree = "<group>";
		};
		FD1BAB10255237A100F17770 /* FoodForeverUITests */ = {
			isa = PBXGroup;
			children = (
				FD1BAB11255237A100F17770 /* FoodForeverUITests.swift */,
				FD1BAB13255237A100F17770 /* Info.plist */,
			);
			path = FoodForeverUITests;
			sourceTree = "<group>";
		};
/* End PBXGroup section */

/* Begin PBXNativeTarget section */
		FD1BAAEB255237A100F17770 /* FoodForever */ = {
			isa = PBXNativeTarget;
			buildConfigurationList = FD1BAB16255237A100F17770 /* Build configuration list for PBXNativeTarget "FoodForever" */;
			buildPhases = (
				34C355D791F7F97C4511041D /* [CP] Check Pods Manifest.lock */,
				FD1BAAE8255237A100F17770 /* Sources */,
				FD1BAAE9255237A100F17770 /* Frameworks */,
				FD1BAAEA255237A100F17770 /* Resources */,
				F5F02FB19649C0F28204F546 /* [CP] Embed Pods Frameworks */,
			);
			buildRules = (
			);
			dependencies = (
			);
			name = FoodForever;
			productName = FoodForever;
			productReference = FD1BAAEC255237A100F17770 /* FoodForever.app */;
			productType = "com.apple.product-type.application";
		};
		FD1BAB01255237A100F17770 /* FoodForeverTests */ = {
			isa = PBXNativeTarget;
			buildConfigurationList = FD1BAB19255237A100F17770 /* Build configuration list for PBXNativeTarget "FoodForeverTests" */;
			buildPhases = (
				6A547E79A383E9103C93FAF5 /* [CP] Check Pods Manifest.lock */,
				FD1BAAFE255237A100F17770 /* Sources */,
				FD1BAAFF255237A100F17770 /* Frameworks */,
				FD1BAB00255237A100F17770 /* Resources */,
			);
			buildRules = (
			);
			dependencies = (
				FD1BAB04255237A100F17770 /* PBXTargetDependency */,
			);
			name = FoodForeverTests;
			productName = FoodForeverTests;
			productReference = FD1BAB02255237A100F17770 /* FoodForeverTests.xctest */;
			productType = "com.apple.product-type.bundle.unit-test";
		};
		FD1BAB0C255237A100F17770 /* FoodForeverUITests */ = {
			isa = PBXNativeTarget;
			buildConfigurationList = FD1BAB1C255237A100F17770 /* Build configuration list for PBXNativeTarget "FoodForeverUITests" */;
			buildPhases = (
				A05A331DC8275FB316CDC41F /* [CP] Check Pods Manifest.lock */,
				FD1BAB09255237A100F17770 /* Sources */,
				FD1BAB0A255237A100F17770 /* Frameworks */,
				FD1BAB0B255237A100F17770 /* Resources */,
				AD3992A0A4B1745D7A271DA4 /* [CP] Embed Pods Frameworks */,
			);
			buildRules = (
			);
			dependencies = (
				FD1BAB0F255237A100F17770 /* PBXTargetDependency */,
			);
			name = FoodForeverUITests;
			productName = FoodForeverUITests;
			productReference = FD1BAB0D255237A100F17770 /* FoodForeverUITests.xctest */;
			productType = "com.apple.product-type.bundle.ui-testing";
		};
/* End PBXNativeTarget section */

/* Begin PBXProject section */
		FD1BAAE4255237A100F17770 /* Project object */ = {
			isa = PBXProject;
			attributes = {
				LastSwiftUpdateCheck = 1160;
				LastUpgradeCheck = 1160;
				ORGANIZATIONNAME = jacobortiz;
				TargetAttributes = {
					FD1BAAEB255237A100F17770 = {
						CreatedOnToolsVersion = 11.6;
					};
					FD1BAB01255237A100F17770 = {
						CreatedOnToolsVersion = 11.6;
						TestTargetID = FD1BAAEB255237A100F17770;
					};
					FD1BAB0C255237A100F17770 = {
						CreatedOnToolsVersion = 11.6;
						TestTargetID = FD1BAAEB255237A100F17770;
					};
				};
			};
			buildConfigurationList = FD1BAAE7255237A100F17770 /* Build configuration list for PBXProject "FoodForever" */;
			compatibilityVersion = "Xcode 9.3";
			developmentRegion = en;
			hasScannedForEncodings = 0;
			knownRegions = (
				en,
				Base,
			);
			mainGroup = FD1BAAE3255237A100F17770;
			productRefGroup = FD1BAAED255237A100F17770 /* Products */;
			projectDirPath = "";
			projectRoot = "";
			targets = (
				FD1BAAEB255237A100F17770 /* FoodForever */,
				FD1BAB01255237A100F17770 /* FoodForeverTests */,
				FD1BAB0C255237A100F17770 /* FoodForeverUITests */,
			);
		};
/* End PBXProject section */

/* Begin PBXResourcesBuildPhase section */
		FD1BAAEA255237A100F17770 /* Resources */ = {
			isa = PBXResourcesBuildPhase;
			buildActionMask = 2147483647;
			files = (
				FD1BAAFC255237A100F17770 /* LaunchScreen.storyboard in Resources */,
				FD1BAAF9255237A100F17770 /* Assets.xcassets in Resources */,
				FD1BAAF7255237A100F17770 /* Main.storyboard in Resources */,
			);
			runOnlyForDeploymentPostprocessing = 0;
		};
		FD1BAB00255237A100F17770 /* Resources */ = {
			isa = PBXResourcesBuildPhase;
			buildActionMask = 2147483647;
			files = (
			);
			runOnlyForDeploymentPostprocessing = 0;
		};
		FD1BAB0B255237A100F17770 /* Resources */ = {
			isa = PBXResourcesBuildPhase;
			buildActionMask = 2147483647;
			files = (
			);
			runOnlyForDeploymentPostprocessing = 0;
		};
/* End PBXResourcesBuildPhase section */

/* Begin PBXShellScriptBuildPhase section */
		34C355D791F7F97C4511041D /* [CP] Check Pods Manifest.lock */ = {
			isa = PBXShellScriptBuildPhase;
			buildActionMask = 2147483647;
			files = (
			);
			inputFileListPaths = (
			);
			inputPaths = (
				"${PODS_PODFILE_DIR_PATH}/Podfile.lock",
				"${PODS_ROOT}/Manifest.lock",
			);
			name = "[CP] Check Pods Manifest.lock";
			outputFileListPaths = (
			);
			outputPaths = (
				"$(DERIVED_FILE_DIR)/Pods-FoodForever-checkManifestLockResult.txt",
			);
			runOnlyForDeploymentPostprocessing = 0;
			shellPath = /bin/sh;
			shellScript = "diff \"${PODS_PODFILE_DIR_PATH}/Podfile.lock\" \"${PODS_ROOT}/Manifest.lock\" > /dev/null\nif [ $? != 0 ] ; then\n    # print error to STDERR\n    echo \"error: The sandbox is not in sync with the Podfile.lock. Run 'pod install' or update your CocoaPods installation.\" >&2\n    exit 1\nfi\n# This output is used by Xcode 'outputs' to avoid re-running this script phase.\necho \"SUCCESS\" > \"${SCRIPT_OUTPUT_FILE_0}\"\n";
			showEnvVarsInLog = 0;
		};
		6A547E79A383E9103C93FAF5 /* [CP] Check Pods Manifest.lock */ = {
			isa = PBXShellScriptBuildPhase;
			buildActionMask = 2147483647;
			files = (
			);
			inputFileListPaths = (
			);
			inputPaths = (
				"${PODS_PODFILE_DIR_PATH}/Podfile.lock",
				"${PODS_ROOT}/Manifest.lock",
			);
			name = "[CP] Check Pods Manifest.lock";
			outputFileListPaths = (
			);
			outputPaths = (
				"$(DERIVED_FILE_DIR)/Pods-FoodForeverTests-checkManifestLockResult.txt",
			);
			runOnlyForDeploymentPostprocessing = 0;
			shellPath = /bin/sh;
			shellScript = "diff \"${PODS_PODFILE_DIR_PATH}/Podfile.lock\" \"${PODS_ROOT}/Manifest.lock\" > /dev/null\nif [ $? != 0 ] ; then\n    # print error to STDERR\n    echo \"error: The sandbox is not in sync with the Podfile.lock. Run 'pod install' or update your CocoaPods installation.\" >&2\n    exit 1\nfi\n# This output is used by Xcode 'outputs' to avoid re-running this script phase.\necho \"SUCCESS\" > \"${SCRIPT_OUTPUT_FILE_0}\"\n";
			showEnvVarsInLog = 0;
		};
		A05A331DC8275FB316CDC41F /* [CP] Check Pods Manifest.lock */ = {
			isa = PBXShellScriptBuildPhase;
			buildActionMask = 2147483647;
			files = (
			);
			inputFileListPaths = (
			);
			inputPaths = (
				"${PODS_PODFILE_DIR_PATH}/Podfile.lock",
				"${PODS_ROOT}/Manifest.lock",
			);
			name = "[CP] Check Pods Manifest.lock";
			outputFileListPaths = (
			);
			outputPaths = (
				"$(DERIVED_FILE_DIR)/Pods-FoodForever-FoodForeverUITests-checkManifestLockResult.txt",
			);
			runOnlyForDeploymentPostprocessing = 0;
			shellPath = /bin/sh;
			shellScript = "diff \"${PODS_PODFILE_DIR_PATH}/Podfile.lock\" \"${PODS_ROOT}/Manifest.lock\" > /dev/null\nif [ $? != 0 ] ; then\n    # print error to STDERR\n    echo \"error: The sandbox is not in sync with the Podfile.lock. Run 'pod install' or update your CocoaPods installation.\" >&2\n    exit 1\nfi\n# This output is used by Xcode 'outputs' to avoid re-running this script phase.\necho \"SUCCESS\" > \"${SCRIPT_OUTPUT_FILE_0}\"\n";
			showEnvVarsInLog = 0;
		};
		AD3992A0A4B1745D7A271DA4 /* [CP] Embed Pods Frameworks */ = {
			isa = PBXShellScriptBuildPhase;
			buildActionMask = 2147483647;
			files = (
			);
			inputFileListPaths = (
				"${PODS_ROOT}/Target Support Files/Pods-FoodForever-FoodForeverUITests/Pods-FoodForever-FoodForeverUITests-frameworks-${CONFIGURATION}-input-files.xcfilelist",
			);
			name = "[CP] Embed Pods Frameworks";
			outputFileListPaths = (
				"${PODS_ROOT}/Target Support Files/Pods-FoodForever-FoodForeverUITests/Pods-FoodForever-FoodForeverUITests-frameworks-${CONFIGURATION}-output-files.xcfilelist",
			);
			runOnlyForDeploymentPostprocessing = 0;
			shellPath = /bin/sh;
			shellScript = "\"${PODS_ROOT}/Target Support Files/Pods-FoodForever-FoodForeverUITests/Pods-FoodForever-FoodForeverUITests-frameworks.sh\"\n";
			showEnvVarsInLog = 0;
		};
		F5F02FB19649C0F28204F546 /* [CP] Embed Pods Frameworks */ = {
			isa = PBXShellScriptBuildPhase;
			buildActionMask = 2147483647;
			files = (
			);
			inputFileListPaths = (
				"${PODS_ROOT}/Target Support Files/Pods-FoodForever/Pods-FoodForever-frameworks-${CONFIGURATION}-input-files.xcfilelist",
			);
			name = "[CP] Embed Pods Frameworks";
			outputFileListPaths = (
				"${PODS_ROOT}/Target Support Files/Pods-FoodForever/Pods-FoodForever-frameworks-${CONFIGURATION}-output-files.xcfilelist",
			);
			runOnlyForDeploymentPostprocessing = 0;
			shellPath = /bin/sh;
			shellScript = "\"${PODS_ROOT}/Target Support Files/Pods-FoodForever/Pods-FoodForever-frameworks.sh\"\n";
			showEnvVarsInLog = 0;
		};
/* End PBXShellScriptBuildPhase section */

/* Begin PBXSourcesBuildPhase section */
		FD1BAAE8255237A100F17770 /* Sources */ = {
			isa = PBXSourcesBuildPhase;
			buildActionMask = 2147483647;
			files = (
				FD6D0ED8255E3F1700869F48 /* RestaurantTableViewCell.swift in Sources */,
				FD6D0EDE255E52D400869F48 /* YelpStars.swift in Sources */,
				FD1BAAF4255237A100F17770 /* ViewController.swift in Sources */,
				FD6D0ED6255E3CBA00869F48 /* RestaurantsViewController.swift in Sources */,
				FD6D0EDC255E494700869F48 /* Restaurant.swift in Sources */,
				FD1BAAF0255237A100F17770 /* AppDelegate.swift in Sources */,
				FD6D0EDA255E402800869F48 /* API.swift in Sources */,
				FD6D0EE2255E550800869F48 /* RestaurantDetailViewController.swift in Sources */,
				FD1BAAF2255237A100F17770 /* SceneDelegate.swift in Sources */,
			);
			runOnlyForDeploymentPostprocessing = 0;
		};
		FD1BAAFE255237A100F17770 /* Sources */ = {
			isa = PBXSourcesBuildPhase;
			buildActionMask = 2147483647;
			files = (
				FD1BAB07255237A100F17770 /* FoodForeverTests.swift in Sources */,
			);
			runOnlyForDeploymentPostprocessing = 0;
		};
		FD1BAB09255237A100F17770 /* Sources */ = {
			isa = PBXSourcesBuildPhase;
			buildActionMask = 2147483647;
			files = (
				FD1BAB12255237A100F17770 /* FoodForeverUITests.swift in Sources */,
			);
			runOnlyForDeploymentPostprocessing = 0;
		};
/* End PBXSourcesBuildPhase section */

/* Begin PBXTargetDependency section */
		FD1BAB04255237A100F17770 /* PBXTargetDependency */ = {
			isa = PBXTargetDependency;
			target = FD1BAAEB255237A100F17770 /* FoodForever */;
			targetProxy = FD1BAB03255237A100F17770 /* PBXContainerItemProxy */;
		};
		FD1BAB0F255237A100F17770 /* PBXTargetDependency */ = {
			isa = PBXTargetDependency;
			target = FD1BAAEB255237A100F17770 /* FoodForever */;
			targetProxy = FD1BAB0E255237A100F17770 /* PBXContainerItemProxy */;
		};
/* End PBXTargetDependency section */

/* Begin PBXVariantGroup section */
		FD1BAAF5255237A100F17770 /* Main.storyboard */ = {
			isa = PBXVariantGroup;
			children = (
				FD1BAAF6255237A100F17770 /* Base */,
			);
			name = Main.storyboard;
			sourceTree = "<group>";
		};
		FD1BAAFA255237A100F17770 /* LaunchScreen.storyboard */ = {
			isa = PBXVariantGroup;
			children = (
				FD1BAAFB255237A100F17770 /* Base */,
			);
			name = LaunchScreen.storyboard;
			sourceTree = "<group>";
		};
/* End PBXVariantGroup section */

/* Begin XCBuildConfiguration section */
		FD1BAB14255237A100F17770 /* Debug */ = {
			isa = XCBuildConfiguration;
			buildSettings = {
				ALWAYS_SEARCH_USER_PATHS = NO;
				CLANG_ANALYZER_NONNULL = YES;
				CLANG_ANALYZER_NUMBER_OBJECT_CONVERSION = YES_AGGRESSIVE;
				CLANG_CXX_LANGUAGE_STANDARD = "gnu++14";
				CLANG_CXX_LIBRARY = "libc++";
				CLANG_ENABLE_MODULES = YES;
				CLANG_ENABLE_OBJC_ARC = YES;
				CLANG_ENABLE_OBJC_WEAK = YES;
				CLANG_WARN_BLOCK_CAPTURE_AUTORELEASING = YES;
				CLANG_WARN_BOOL_CONVERSION = YES;
				CLANG_WARN_COMMA = YES;
				CLANG_WARN_CONSTANT_CONVERSION = YES;
				CLANG_WARN_DEPRECATED_OBJC_IMPLEMENTATIONS = YES;
				CLANG_WARN_DIRECT_OBJC_ISA_USAGE = YES_ERROR;
				CLANG_WARN_DOCUMENTATION_COMMENTS = YES;
				CLANG_WARN_EMPTY_BODY = YES;
				CLANG_WARN_ENUM_CONVERSION = YES;
				CLANG_WARN_INFINITE_RECURSION = YES;
				CLANG_WARN_INT_CONVERSION = YES;
				CLANG_WARN_NON_LITERAL_NULL_CONVERSION = YES;
				CLANG_WARN_OBJC_IMPLICIT_RETAIN_SELF = YES;
				CLANG_WARN_OBJC_LITERAL_CONVERSION = YES;
				CLANG_WARN_OBJC_ROOT_CLASS = YES_ERROR;
				CLANG_WARN_RANGE_LOOP_ANALYSIS = YES;
				CLANG_WARN_STRICT_PROTOTYPES = YES;
				CLANG_WARN_SUSPICIOUS_MOVE = YES;
				CLANG_WARN_UNGUARDED_AVAILABILITY = YES_AGGRESSIVE;
				CLANG_WARN_UNREACHABLE_CODE = YES;
				CLANG_WARN__DUPLICATE_METHOD_MATCH = YES;
				COPY_PHASE_STRIP = NO;
				DEBUG_INFORMATION_FORMAT = dwarf;
				ENABLE_STRICT_OBJC_MSGSEND = YES;
				ENABLE_TESTABILITY = YES;
				GCC_C_LANGUAGE_STANDARD = gnu11;
				GCC_DYNAMIC_NO_PIC = NO;
				GCC_NO_COMMON_BLOCKS = YES;
				GCC_OPTIMIZATION_LEVEL = 0;
				GCC_PREPROCESSOR_DEFINITIONS = (
					"DEBUG=1",
					"$(inherited)",
				);
				GCC_WARN_64_TO_32_BIT_CONVERSION = YES;
				GCC_WARN_ABOUT_RETURN_TYPE = YES_ERROR;
				GCC_WARN_UNDECLARED_SELECTOR = YES;
				GCC_WARN_UNINITIALIZED_AUTOS = YES_AGGRESSIVE;
				GCC_WARN_UNUSED_FUNCTION = YES;
				GCC_WARN_UNUSED_VARIABLE = YES;
				IPHONEOS_DEPLOYMENT_TARGET = 13.6;
				MTL_ENABLE_DEBUG_INFO = INCLUDE_SOURCE;
				MTL_FAST_MATH = YES;
				ONLY_ACTIVE_ARCH = YES;
				SDKROOT = iphoneos;
				SWIFT_ACTIVE_COMPILATION_CONDITIONS = DEBUG;
				SWIFT_OPTIMIZATION_LEVEL = "-Onone";
			};
			name = Debug;
		};
		FD1BAB15255237A100F17770 /* Release */ = {
			isa = XCBuildConfiguration;
			buildSettings = {
				ALWAYS_SEARCH_USER_PATHS = NO;
				CLANG_ANALYZER_NONNULL = YES;
				CLANG_ANALYZER_NUMBER_OBJECT_CONVERSION = YES_AGGRESSIVE;
				CLANG_CXX_LANGUAGE_STANDARD = "gnu++14";
				CLANG_CXX_LIBRARY = "libc++";
				CLANG_ENABLE_MODULES = YES;
				CLANG_ENABLE_OBJC_ARC = YES;
				CLANG_ENABLE_OBJC_WEAK = YES;
				CLANG_WARN_BLOCK_CAPTURE_AUTORELEASING = YES;
				CLANG_WARN_BOOL_CONVERSION = YES;
				CLANG_WARN_COMMA = YES;
				CLANG_WARN_CONSTANT_CONVERSION = YES;
				CLANG_WARN_DEPRECATED_OBJC_IMPLEMENTATIONS = YES;
				CLANG_WARN_DIRECT_OBJC_ISA_USAGE = YES_ERROR;
				CLANG_WARN_DOCUMENTATION_COMMENTS = YES;
				CLANG_WARN_EMPTY_BODY = YES;
				CLANG_WARN_ENUM_CONVERSION = YES;
				CLANG_WARN_INFINITE_RECURSION = YES;
				CLANG_WARN_INT_CONVERSION = YES;
				CLANG_WARN_NON_LITERAL_NULL_CONVERSION = YES;
				CLANG_WARN_OBJC_IMPLICIT_RETAIN_SELF = YES;
				CLANG_WARN_OBJC_LITERAL_CONVERSION = YES;
				CLANG_WARN_OBJC_ROOT_CLASS = YES_ERROR;
				CLANG_WARN_RANGE_LOOP_ANALYSIS = YES;
				CLANG_WARN_STRICT_PROTOTYPES = YES;
				CLANG_WARN_SUSPICIOUS_MOVE = YES;
				CLANG_WARN_UNGUARDED_AVAILABILITY = YES_AGGRESSIVE;
				CLANG_WARN_UNREACHABLE_CODE = YES;
				CLANG_WARN__DUPLICATE_METHOD_MATCH = YES;
				COPY_PHASE_STRIP = NO;
				DEBUG_INFORMATION_FORMAT = "dwarf-with-dsym";
				ENABLE_NS_ASSERTIONS = NO;
				ENABLE_STRICT_OBJC_MSGSEND = YES;
				GCC_C_LANGUAGE_STANDARD = gnu11;
				GCC_NO_COMMON_BLOCKS = YES;
				GCC_WARN_64_TO_32_BIT_CONVERSION = YES;
				GCC_WARN_ABOUT_RETURN_TYPE = YES_ERROR;
				GCC_WARN_UNDECLARED_SELECTOR = YES;
				GCC_WARN_UNINITIALIZED_AUTOS = YES_AGGRESSIVE;
				GCC_WARN_UNUSED_FUNCTION = YES;
				GCC_WARN_UNUSED_VARIABLE = YES;
				IPHONEOS_DEPLOYMENT_TARGET = 13.6;
				MTL_ENABLE_DEBUG_INFO = NO;
				MTL_FAST_MATH = YES;
				SDKROOT = iphoneos;
				SWIFT_COMPILATION_MODE = wholemodule;
				SWIFT_OPTIMIZATION_LEVEL = "-O";
				VALIDATE_PRODUCT = YES;
			};
			name = Release;
		};
		FD1BAB17255237A100F17770 /* Debug */ = {
			isa = XCBuildConfiguration;
			baseConfigurationReference = 09E151887344BD5E524424F9 /* Pods-FoodForever.debug.xcconfig */;
			buildSettings = {
				ASSETCATALOG_COMPILER_APPICON_NAME = AppIcon;
				CODE_SIGN_STYLE = Automatic;
				INFOPLIST_FILE = FoodForever/Info.plist;
				LD_RUNPATH_SEARCH_PATHS = (
					"$(inherited)",
					"@executable_path/Frameworks",
				);
				PRODUCT_BUNDLE_IDENTIFIER = jacob.FoodForever;
				PRODUCT_NAME = "$(TARGET_NAME)";
				SWIFT_VERSION = 5.0;
				TARGETED_DEVICE_FAMILY = "1,2";
			};
			name = Debug;
		};
		FD1BAB18255237A100F17770 /* Release */ = {
			isa = XCBuildConfiguration;
			baseConfigurationReference = E3ABBB4EE8DAA0404DCFA8A7 /* Pods-FoodForever.release.xcconfig */;
			buildSettings = {
				ASSETCATALOG_COMPILER_APPICON_NAME = AppIcon;
				CODE_SIGN_STYLE = Automatic;
				INFOPLIST_FILE = FoodForever/Info.plist;
				LD_RUNPATH_SEARCH_PATHS = (
					"$(inherited)",
					"@executable_path/Frameworks",
				);
				PRODUCT_BUNDLE_IDENTIFIER = jacob.FoodForever;
				PRODUCT_NAME = "$(TARGET_NAME)";
				SWIFT_VERSION = 5.0;
				TARGETED_DEVICE_FAMILY = "1,2";
			};
			name = Release;
		};
		FD1BAB1A255237A100F17770 /* Debug */ = {
			isa = XCBuildConfiguration;
			baseConfigurationReference = CEEEECCCABF9CBA12E36E87B /* Pods-FoodForeverTests.debug.xcconfig */;
			buildSettings = {
				ALWAYS_EMBED_SWIFT_STANDARD_LIBRARIES = YES;
				BUNDLE_LOADER = "$(TEST_HOST)";
				CODE_SIGN_STYLE = Automatic;
				INFOPLIST_FILE = FoodForeverTests/Info.plist;
				IPHONEOS_DEPLOYMENT_TARGET = 13.6;
				LD_RUNPATH_SEARCH_PATHS = (
					"$(inherited)",
					"@executable_path/Frameworks",
					"@loader_path/Frameworks",
				);
				PRODUCT_BUNDLE_IDENTIFIER = jacob.FoodForeverTests;
				PRODUCT_NAME = "$(TARGET_NAME)";
				SWIFT_VERSION = 5.0;
				TARGETED_DEVICE_FAMILY = "1,2";
				TEST_HOST = "$(BUILT_PRODUCTS_DIR)/FoodForever.app/FoodForever";
			};
			name = Debug;
		};
		FD1BAB1B255237A100F17770 /* Release */ = {
			isa = XCBuildConfiguration;
			baseConfigurationReference = 0B456B91A1DE26CAB12A2FB9 /* Pods-FoodForeverTests.release.xcconfig */;
			buildSettings = {
				ALWAYS_EMBED_SWIFT_STANDARD_LIBRARIES = YES;
				BUNDLE_LOADER = "$(TEST_HOST)";
				CODE_SIGN_STYLE = Automatic;
				INFOPLIST_FILE = FoodForeverTests/Info.plist;
				IPHONEOS_DEPLOYMENT_TARGET = 13.6;
				LD_RUNPATH_SEARCH_PATHS = (
					"$(inherited)",
					"@executable_path/Frameworks",
					"@loader_path/Frameworks",
				);
				PRODUCT_BUNDLE_IDENTIFIER = jacob.FoodForeverTests;
				PRODUCT_NAME = "$(TARGET_NAME)";
				SWIFT_VERSION = 5.0;
				TARGETED_DEVICE_FAMILY = "1,2";
				TEST_HOST = "$(BUILT_PRODUCTS_DIR)/FoodForever.app/FoodForever";
			};
			name = Release;
		};
		FD1BAB1D255237A100F17770 /* Debug */ = {
			isa = XCBuildConfiguration;
			baseConfigurationReference = 453C88C21E08BB6EA4E09A54 /* Pods-FoodForever-FoodForeverUITests.debug.xcconfig */;
			buildSettings = {
				ALWAYS_EMBED_SWIFT_STANDARD_LIBRARIES = YES;
				CODE_SIGN_STYLE = Automatic;
				INFOPLIST_FILE = FoodForeverUITests/Info.plist;
				LD_RUNPATH_SEARCH_PATHS = (
					"$(inherited)",
					"@executable_path/Frameworks",
					"@loader_path/Frameworks",
				);
				PRODUCT_BUNDLE_IDENTIFIER = jacob.FoodForeverUITests;
				PRODUCT_NAME = "$(TARGET_NAME)";
				SWIFT_VERSION = 5.0;
				TARGETED_DEVICE_FAMILY = "1,2";
				TEST_TARGET_NAME = FoodForever;
			};
			name = Debug;
		};
		FD1BAB1E255237A100F17770 /* Release */ = {
			isa = XCBuildConfiguration;
			baseConfigurationReference = 3B1C5F6FCA1BABB359C4EEEE /* Pods-FoodForever-FoodForeverUITests.release.xcconfig */;
			buildSettings = {
				ALWAYS_EMBED_SWIFT_STANDARD_LIBRARIES = YES;
				CODE_SIGN_STYLE = Automatic;
				INFOPLIST_FILE = FoodForeverUITests/Info.plist;
				LD_RUNPATH_SEARCH_PATHS = (
					"$(inherited)",
					"@executable_path/Frameworks",
					"@loader_path/Frameworks",
				);
				PRODUCT_BUNDLE_IDENTIFIER = jacob.FoodForeverUITests;
				PRODUCT_NAME = "$(TARGET_NAME)";
				SWIFT_VERSION = 5.0;
				TARGETED_DEVICE_FAMILY = "1,2";
				TEST_TARGET_NAME = FoodForever;
			};
			name = Release;
		};
/* End XCBuildConfiguration section */

/* Begin XCConfigurationList section */
		FD1BAAE7255237A100F17770 /* Build configuration list for PBXProject "FoodForever" */ = {
			isa = XCConfigurationList;
			buildConfigurations = (
				FD1BAB14255237A100F17770 /* Debug */,
				FD1BAB15255237A100F17770 /* Release */,
			);
			defaultConfigurationIsVisible = 0;
			defaultConfigurationName = Release;
		};
		FD1BAB16255237A100F17770 /* Build configuration list for PBXNativeTarget "FoodForever" */ = {
			isa = XCConfigurationList;
			buildConfigurations = (
				FD1BAB17255237A100F17770 /* Debug */,
				FD1BAB18255237A100F17770 /* Release */,
			);
			defaultConfigurationIsVisible = 0;
			defaultConfigurationName = Release;
		};
		FD1BAB19255237A100F17770 /* Build configuration list for PBXNativeTarget "FoodForeverTests" */ = {
			isa = XCConfigurationList;
			buildConfigurations = (
				FD1BAB1A255237A100F17770 /* Debug */,
				FD1BAB1B255237A100F17770 /* Release */,
			);
			defaultConfigurationIsVisible = 0;
			defaultConfigurationName = Release;
		};
		FD1BAB1C255237A100F17770 /* Build configuration list for PBXNativeTarget "FoodForeverUITests" */ = {
			isa = XCConfigurationList;
			buildConfigurations = (
				FD1BAB1D255237A100F17770 /* Debug */,
				FD1BAB1E255237A100F17770 /* Release */,
			);
			defaultConfigurationIsVisible = 0;
			defaultConfigurationName = Release;
		};
/* End XCConfigurationList section */
	};
	rootObject = FD1BAAE4255237A100F17770 /* Project object */;
}
